
Microsoft Visual Studio Solution File, Format Version 12.00
# Visual Studio 15
VisualStudioVersion = 15.0.27428.2005
MinimumVisualStudioVersion = 10.0.40219.1
Project("{FAE04EC0-301F-11D3-BF4B-00C04F79EFBC}") = "MaintenanceService", "MaintenanceService\MaintenanceService.csproj", "{5393EB3E-C934-438B-AC6F-99A005F9CFD9}"
EndProject
Project("{E53339B2-1760-4266-BCC7-CA923CBCF16C}") = "docker-compose", "docker-compose.dcproj", "{4AE16F14-13F8-44A7-89F7-E4F2F78B7F7A}"
EndProject
Global
	GlobalSection(SolutionConfigurationPlatforms) = preSolution
		Debug|Any CPU = Debug|Any CPU
		Release|Any CPU = Release|Any CPU
	EndGlobalSection
	GlobalSection(ProjectConfigurationPlatforms) = postSolution
		{5393EB3E-C934-438B-AC6F-99A005F9CFD9}.Debug|Any CPU.ActiveCfg = Debug|Any CPU
		{5393EB3E-C934-438B-AC6F-99A005F9CFD9}.Debug|Any CPU.Build.0 = Debug|Any CPU
		{5393EB3E-C934-438B-AC6F-99A005F9CFD9}.Release|Any CPU.ActiveCfg = Release|Any CPU
		{5393EB3E-C934-438B-AC6F-99A005F9CFD9}.Release|Any CPU.Build.0 = Release|Any CPU
		{4AE16F14-13F8-44A7-89F7-E4F2F78B7F7A}.Debug|Any CPU.ActiveCfg = Debug|Any CPU
		{4AE16F14-13F8-44A7-89F7-E4F2F78B7F7A}.Debug|Any CPU.Build.0 = Debug|Any CPU
		{4AE16F14-13F8-44A7-89F7-E4F2F78B7F7A}.Release|Any CPU.ActiveCfg = Release|Any CPU
		{4AE16F14-13F8-44A7-89F7-E4F2F78B7F7A}.Release|Any CPU.Build.0 = Release|Any CPU
	EndGlobalSection
	GlobalSection(SolutionProperties) = preSolution
		HideSolutionNode = FALSE
	EndGlobalSection
	GlobalSection(ExtensibilityGlobals) = postSolution
		SolutionGuid = {932EED56-74AE-4350-9996-0F52419A01C4}
	EndGlobalSection
EndGlobal
